
Microsoft Visual Studio Solution File, Format Version 12.00
# Visual Studio Version 17
VisualStudioVersion = 17.11.35327.3
MinimumVisualStudioVersion = 10.0.40219.1
Project("{FAE04EC0-301F-11D3-BF4B-00C04F79EFBC}") = "RRS", "RRS.csproj", "{1A9B90DC-72E2-41C6-8ED6-A36AB5C0E651}"
EndProject
Global
	GlobalSection(SolutionConfigurationPlatforms) = preSolution
		Debug|Any CPU = Debug|Any CPU
		Release|Any CPU = Release|Any CPU
	EndGlobalSection
	GlobalSection(ProjectConfigurationPlatforms) = postSolution
		{1A9B90DC-72E2-41C6-8ED6-A36AB5C0E651}.Debug|Any CPU.ActiveCfg = Debug|Any CPU
		{1A9B90DC-72E2-41C6-8ED6-A36AB5C0E651}.Debug|Any CPU.Build.0 = Debug|Any CPU
		{1A9B90DC-72E2-41C6-8ED6-A36AB5C0E651}.Release|Any CPU.ActiveCfg = Release|Any CPU
		{1A9B90DC-72E2-41C6-8ED6-A36AB5C0E651}.Release|Any CPU.Build.0 = Release|Any CPU
	EndGlobalSection
	GlobalSection(SolutionProperties) = preSolution
		HideSolutionNode = FALSE
	EndGlobalSection
	GlobalSection(ExtensibilityGlobals) = postSolution
		SolutionGuid = {F15E428C-47E1-445D-BDF1-3E0CB272C292}
	EndGlobalSection
EndGlobal
